
Microsoft Visual Studio Solution File, Format Version 12.00
# Visual Studio Version 17
VisualStudioVersion = 17.12.35527.113
MinimumVisualStudioVersion = 10.0.40219.1
Project("{FAE04EC0-301F-11D3-BF4B-00C04F79EFBC}") = "Barang", "Barang.csproj", "{FF1B6876-91F3-4EE6-9E8A-F2E3AB34416A}"
EndProject
Global
	GlobalSection(SolutionConfigurationPlatforms) = preSolution
		Debug|Any CPU = Debug|Any CPU
		Release|Any CPU = Release|Any CPU
	EndGlobalSection
	GlobalSection(ProjectConfigurationPlatforms) = postSolution
		{FF1B6876-91F3-4EE6-9E8A-F2E3AB34416A}.Debug|Any CPU.ActiveCfg = Debug|Any CPU
		{FF1B6876-91F3-4EE6-9E8A-F2E3AB34416A}.Debug|Any CPU.Build.0 = Debug|Any CPU
		{FF1B6876-91F3-4EE6-9E8A-F2E3AB34416A}.Release|Any CPU.ActiveCfg = Release|Any CPU
		{FF1B6876-91F3-4EE6-9E8A-F2E3AB34416A}.Release|Any CPU.Build.0 = Release|Any CPU
	EndGlobalSection
	GlobalSection(SolutionProperties) = preSolution
		HideSolutionNode = FALSE
	EndGlobalSection
EndGlobal
